
Microsoft Visual Studio Solution File, Format Version 12.00
# Visual Studio 15
VisualStudioVersion = 15.0.27428.2037
MinimumVisualStudioVersion = 10.0.40219.1
Project("{FAE04EC0-301F-11D3-BF4B-00C04F79EFBC}") = "ADOExam", "ADOExam\ADOExam.csproj", "{AA833E6C-858F-4143-81D1-30C571920EDB}"
EndProject
Global
	GlobalSection(SolutionConfigurationPlatforms) = preSolution
		Debug|Any CPU = Debug|Any CPU
		Release|Any CPU = Release|Any CPU
	EndGlobalSection
	GlobalSection(ProjectConfigurationPlatforms) = postSolution
		{AA833E6C-858F-4143-81D1-30C571920EDB}.Debug|Any CPU.ActiveCfg = Debug|Any CPU
		{AA833E6C-858F-4143-81D1-30C571920EDB}.Debug|Any CPU.Build.0 = Debug|Any CPU
		{AA833E6C-858F-4143-81D1-30C571920EDB}.Release|Any CPU.ActiveCfg = Release|Any CPU
		{AA833E6C-858F-4143-81D1-30C571920EDB}.Release|Any CPU.Build.0 = Release|Any CPU
	EndGlobalSection
	GlobalSection(SolutionProperties) = preSolution
		HideSolutionNode = FALSE
	EndGlobalSection
	GlobalSection(ExtensibilityGlobals) = postSolution
		SolutionGuid = {63B66051-0499-48BA-A9C1-E89916D27551}
	EndGlobalSection
EndGlobal
